
Microsoft Visual Studio Solution File, Format Version 12.00
# Visual Studio Version 17
VisualStudioVersion = 17.6.33829.357
MinimumVisualStudioVersion = 10.0.40219.1
Project("{FAE04EC0-301F-11D3-BF4B-00C04F79EFBC}") = "Beth", "Beth\Beth.csproj", "{751AE14F-1070-460B-BFCE-7CB02AB837AB}"
EndProject
Global
	GlobalSection(SolutionConfigurationPlatforms) = preSolution
		Debug|Any CPU = Debug|Any CPU
		Release|Any CPU = Release|Any CPU
	EndGlobalSection
	GlobalSection(ProjectConfigurationPlatforms) = postSolution
		{751AE14F-1070-460B-BFCE-7CB02AB837AB}.Debug|Any CPU.ActiveCfg = Debug|Any CPU
		{751AE14F-1070-460B-BFCE-7CB02AB837AB}.Debug|Any CPU.Build.0 = Debug|Any CPU
		{751AE14F-1070-460B-BFCE-7CB02AB837AB}.Release|Any CPU.ActiveCfg = Release|Any CPU
		{751AE14F-1070-460B-BFCE-7CB02AB837AB}.Release|Any CPU.Build.0 = Release|Any CPU
	EndGlobalSection
	GlobalSection(SolutionProperties) = preSolution
		HideSolutionNode = FALSE
	EndGlobalSection
	GlobalSection(ExtensibilityGlobals) = postSolution
		SolutionGuid = {ABAC1CEF-DCDE-4C72-8099-703F9208559C}
	EndGlobalSection
EndGlobal
